{
  "name": "karaokeWeb",
  "version": "1.0.0",
  "lockfileVersion": 1,
  "requires": true,
  "dependencies": {
    "clusterize.js": {
      "version": "0.18.1",
      "resolved": "https://registry.npmjs.org/clusterize.js/-/clusterize.js-0.18.1.tgz",
      "integrity": "sha512-UsLhW2lG3TaTnE8LI7ninvovua3FLrlsbksb9uzx0fVzzV2WFScO5FU/4yFwdM8RW8iuYVWFraBpDjsosReFlg=="
    },
    "jquery": {
      "version": "3.4.1",
      "resolved": "https://registry.npmjs.org/jquery/-/jquery-3.4.1.tgz",
      "integrity": "sha512-36+AdBzCL+y6qjw5Tx7HgzeGCzC81MDDgaUP8ld2zhx58HdqXGoBd+tHdrBMiyjGQs0Hxs/MLZTu/eHNJJuWPw=="
    }
  }
}
